# This file is automatically @generated by Cargo.
# It is not intended for manual editing.
version = 3

[[package]]
name = "apple-cf"
version = "0.9.0"
dependencies = [
 "doom-fish-utils",
]

[[package]]
name = "doom-fish-utils"
version = "0.2.0"

[[package]]
name = "scriptingbridge-rs"
version = "0.3.1"
dependencies = [
 "apple-cf",
 "doom-fish-utils",
]
